github.com/arschles/assert v2.0.0+incompatible h1:3U7Uinc6Y5LW9YPGJ805po2thDN/X6yhMgbl1/LbKxk=
github.com/arschles/assert v2.0.0+incompatible/go.mod h1:m/u69zW43x0h8dTHcv3JJZljINyEYgBuf5fYJP6WikI=
github.com/dgrijalva/lfu-go v0.0.0-20141010002404-f174e76c5138 h1:dnHgW/+2AbIFKEIhb3mXw6OuPNPrMmrJ6GZylDT556s=
github.com/dgrijalva/lfu-go v0.0.0-20141010002404-f174e76c5138/go.mod h1:NBHEfzv9sqF3bQdv4L3+buvhN5JtVkuO1EhpELjZxXk=
